
Microsoft Visual Studio Solution File, Format Version 12.00
# Visual Studio Version 16
VisualStudioVersion = 16.0.32413.511
MinimumVisualStudioVersion = 10.0.40219.1
Project("{FAE04EC0-301F-11D3-BF4B-00C04F79EFBC}") = "StateManagement", "StateManagement\StateManagement.csproj", "{18736684-6D7C-4CA2-8A13-20512FD66989}"
EndProject
Global
	GlobalSection(SolutionConfigurationPlatforms) = preSolution
		Debug|Any CPU = Debug|Any CPU
		Release|Any CPU = Release|Any CPU
	EndGlobalSection
	GlobalSection(ProjectConfigurationPlatforms) = postSolution
		{18736684-6D7C-4CA2-8A13-20512FD66989}.Debug|Any CPU.ActiveCfg = Debug|Any CPU
		{18736684-6D7C-4CA2-8A13-20512FD66989}.Debug|Any CPU.Build.0 = Debug|Any CPU
		{18736684-6D7C-4CA2-8A13-20512FD66989}.Release|Any CPU.ActiveCfg = Release|Any CPU
		{18736684-6D7C-4CA2-8A13-20512FD66989}.Release|Any CPU.Build.0 = Release|Any CPU
	EndGlobalSection
	GlobalSection(SolutionProperties) = preSolution
		HideSolutionNode = FALSE
	EndGlobalSection
	GlobalSection(ExtensibilityGlobals) = postSolution
		SolutionGuid = {50007DB4-96EE-4323-A354-DCC7733723F7}
	EndGlobalSection
EndGlobal
